Microsoft Visual Studio Solution File, Format Version 12.00
# Visual Studio Version 17
VisualStudioVersion = 17.1.32210.238
MinimumVisualStudioVersion = 10.0.40219.1
Project("{FAE04EC0-301F-11D3-BF4B-00C04F79EFBC}") = "AmbientSounds.Uwp", "src\AmbientSounds.Uwp\AmbientSounds.Uwp.csproj", "{B0BA021E-FA43-4921-A25A-0004A43F7C40}"
EndProject
Project("{9A19103F-16F7-4668-BE54-9A1E7A4F7556}") = "AmbientSounds", "src\AmbientSounds\AmbientSounds.csproj", "{E8943DA1-AFDD-4C4B-A216-05AF46142CAB}"
EndProject
Project("{9A19103F-16F7-4668-BE54-9A1E7A4F7556}") = "AmbientSounds.Tests", "AmbientSounds.Tests\AmbientSounds.Tests.csproj", "{190FE594-FDCE-4707-B01C-EE7C39C541F3}"
EndProject
Project("{FAE04EC0-301F-11D3-BF4B-00C04F79EFBC}") = "AmbientSounds.Tasks", "src\AmbientSounds.Tasks\AmbientSounds.Tasks.csproj", "{EF926887-A6B2-461E-97CA-1C25B065E0C6}"
EndProject
Project("{9A19103F-16F7-4668-BE54-9A1E7A4F7556}") = "AmbientSounds.Models", "src\AmbientSounds.Models\AmbientSounds.Models.csproj", "{8CC4241A-F7B8-42CE-AA56-1CE90A8A72F9}"
EndProject
Project("{2150E333-8FDC-42A3-9474-1A3956D46DE8}") = "Solution Items", "Solution Items", "{02EA681E-C7D8-13C7-8484-4AC65E1B71E8}"
	ProjectSection(SolutionItems) = preProject
		.editorconfig = .editorconfig
	EndProjectSection
EndProject
Global
	GlobalSection(SolutionConfigurationPlatforms) = preSolution
		Debug|Any CPU = Debug|Any CPU
		Debug|ARM = Debug|ARM
		Debug|ARM64 = Debug|ARM64
		Debug|x64 = Debug|x64
		Debug|x86 = Debug|x86
		Release|Any CPU = Release|Any CPU
		Release|ARM = Release|ARM
		Release|ARM64 = Release|ARM64
		Release|x64 = Release|x64
		Release|x86 = Release|x86
	EndGlobalSection
	GlobalSection(ProjectConfigurationPlatforms) = postSolution
		{B0BA021E-FA43-4921-A25A-0004A43F7C40}.Debug|Any CPU.ActiveCfg = Debug|x86
		{B0BA021E-FA43-4921-A25A-0004A43F7C40}.Debug|ARM.ActiveCfg = Debug|ARM
		{B0BA021E-FA43-4921-A25A-0004A43F7C40}.Debug|ARM.Build.0 = Debug|ARM
		{B0BA021E-FA43-4921-A25A-0004A43F7C40}.Debug|ARM.Deploy.0 = Debug|ARM
		{B0BA021E-FA43-4921-A25A-0004A43F7C40}.Debug|ARM64.ActiveCfg = Debug|ARM64
		{B0BA021E-FA43-4921-A25A-0004A43F7C40}.Debug|ARM64.Build.0 = Debug|ARM64
		{B0BA021E-FA43-4921-A25A-0004A43F7C40}.Debug|ARM64.Deploy.0 = Debug|ARM64
		{B0BA021E-FA43-4921-A25A-0004A43F7C40}.Debug|x64.ActiveCfg = Debug|x64
		{B0BA021E-FA43-4921-A25A-0004A43F7C40}.Debug|x64.Build.0 = Debug|x64
		{B0BA021E-FA43-4921-A25A-0004A43F7C40}.Debug|x64.Deploy.0 = Debug|x64
		{B0BA021E-FA43-4921-A25A-0004A43F7C40}.Debug|x86.ActiveCfg = Debug|x86
		{B0BA021E-FA43-4921-A25A-0004A43F7C40}.Debug|x86.Build.0 = Debug|x86
		{B0BA021E-FA43-4921-A25A-0004A43F7C40}.Debug|x86.Deploy.0 = Debug|x86
		{B0BA021E-FA43-4921-A25A-0004A43F7C40}.Release|Any CPU.ActiveCfg = Release|x86
		{B0BA021E-FA43-4921-A25A-0004A43F7C40}.Release|ARM.ActiveCfg = Release|ARM
		{B0BA021E-FA43-4921-A25A-0004A43F7C40}.Release|ARM.Build.0 = Release|ARM
		{B0BA021E-FA43-4921-A25A-0004A43F7C40}.Release|ARM.Deploy.0 = Release|ARM
		{B0BA021E-FA43-4921-A25A-0004A43F7C40}.Release|ARM64.ActiveCfg = Release|ARM64
		{B0BA021E-FA43-4921-A25A-0004A43F7C40}.Release|ARM64.Build.0 = Release|ARM64
		{B0BA021E-FA43-4921-A25A-0004A43F7C40}.Release|ARM64.Deploy.0 = Release|ARM64
		{B0BA021E-FA43-4921-A25A-0004A43F7C40}.Release|x64.ActiveCfg = Release|x64
		{B0BA021E-FA43-4921-A25A-0004A43F7C40}.Release|x64.Build.0 = Release|x64
		{B0BA021E-FA43-4921-A25A-0004A43F7C40}.Release|x64.Deploy.0 = Release|x64
		{B0BA021E-FA43-4921-A25A-0004A43F7C40}.Release|x86.ActiveCfg = Release|x86
		{B0BA021E-FA43-4921-A25A-0004A43F7C40}.Release|x86.Build.0 = Release|x86
		{B0BA021E-FA43-4921-A25A-0004A43F7C40}.Release|x86.Deploy.0 = Release|x86
		{E8943DA1-AFDD-4C4B-A216-05AF46142CAB}.Debug|Any CPU.ActiveCfg = Debug|Any CPU
		{E8943DA1-AFDD-4C4B-A216-05AF46142CAB}.Debug|Any CPU.Build.0 = Debug|Any CPU
		{E8943DA1-AFDD-4C4B-A216-05AF46142CAB}.Debug|ARM.ActiveCfg = Debug|Any CPU
		{E8943DA1-AFDD-4C4B-A216-05AF46142CAB}.Debug|ARM.Build.0 = Debug|Any CPU
		{E8943DA1-AFDD-4C4B-A216-05AF46142CAB}.Debug|ARM64.ActiveCfg = Debug|Any CPU
		{E8943DA1-AFDD-4C4B-A216-05AF46142CAB}.Debug|ARM64.Build.0 = Debug|Any CPU
		{E8943DA1-AFDD-4C4B-A216-05AF46142CAB}.Debug|x64.ActiveCfg = Debug|Any CPU
		{E8943DA1-AFDD-4C4B-A216-05AF46142CAB}.Debug|x64.Build.0 = Debug|Any CPU
		{E8943DA1-AFDD-4C4B-A216-05AF46142CAB}.Debug|x86.ActiveCfg = Debug|Any CPU
		{E8943DA1-AFDD-4C4B-A216-05AF46142CAB}.Debug|x86.Build.0 = Debug|Any CPU
		{E8943DA1-AFDD-4C4B-A216-05AF46142CAB}.Release|Any CPU.ActiveCfg = Release|Any CPU
		{E8943DA1-AFDD-4C4B-A216-05AF46142CAB}.Release|Any CPU.Build.0 = Release|Any CPU
		{E8943DA1-AFDD-4C4B-A216-05AF46142CAB}.Release|ARM.ActiveCfg = Release|Any CPU
		{E8943DA1-AFDD-4C4B-A216-05AF46142CAB}.Release|ARM.Build.0 = Release|Any CPU
		{E8943DA1-AFDD-4C4B-A216-05AF46142CAB}.Release|ARM64.ActiveCfg = Release|Any CPU
		{E8943DA1-AFDD-4C4B-A216-05AF46142CAB}.Release|ARM64.Build.0 = Release|Any CPU
		{E8943DA1-AFDD-4C4B-A216-05AF46142CAB}.Release|x64.ActiveCfg = Release|Any CPU
		{E8943DA1-AFDD-4C4B-A216-05AF46142CAB}.Release|x64.Build.0 = Release|Any CPU
		{E8943DA1-AFDD-4C4B-A216-05AF46142CAB}.Release|x86.ActiveCfg = Release|Any CPU
		{E8943DA1-AFDD-4C4B-A216-05AF46142CAB}.Release|x86.Build.0 = Release|Any CPU
		{190FE594-FDCE-4707-B01C-EE7C39C541F3}.Debug|Any CPU.ActiveCfg = Debug|Any CPU
		{190FE594-FDCE-4707-B01C-EE7C39C541F3}.Debug|Any CPU.Build.0 = Debug|Any CPU
		{190FE594-FDCE-4707-B01C-EE7C39C541F3}.Debug|ARM.ActiveCfg = Debug|Any CPU
		{190FE594-FDCE-4707-B01C-EE7C39C541F3}.Debug|ARM.Build.0 = Debug|Any CPU
		{190FE594-FDCE-4707-B01C-EE7C39C541F3}.Debug|ARM64.ActiveCfg = Debug|Any CPU
		{190FE594-FDCE-4707-B01C-EE7C39C541F3}.Debug|ARM64.Build.0 = Debug|Any CPU
		{190FE594-FDCE-4707-B01C-EE7C39C541F3}.Debug|x64.ActiveCfg = Debug|Any CPU
		{190FE594-FDCE-4707-B01C-EE7C39C541F3}.Debug|x64.Build.0 = Debug|Any CPU
		{190FE594-FDCE-4707-B01C-EE7C39C541F3}.Debug|x86.ActiveCfg = Debug|Any CPU
		{190FE594-FDCE-4707-B01C-EE7C39C541F3}.Debug|x86.Build.0 = Debug|Any CPU
		{190FE594-FDCE-4707-B01C-EE7C39C541F3}.Release|Any CPU.ActiveCfg = Release|Any CPU
		{190FE594-FDCE-4707-B01C-EE7C39C541F3}.Release|Any CPU.Build.0 = Release|Any CPU
		{190FE594-FDCE-4707-B01C-EE7C39C541F3}.Release|ARM.ActiveCfg = Release|Any CPU
		{190FE594-FDCE-4707-B01C-EE7C39C541F3}.Release|ARM.Build.0 = Release|Any CPU
		{190FE594-FDCE-4707-B01C-EE7C39C541F3}.Release|ARM64.ActiveCfg = Release|Any CPU
		{190FE594-FDCE-4707-B01C-EE7C39C541F3}.Release|ARM64.Build.0 = Release|Any CPU
		{190FE594-FDCE-4707-B01C-EE7C39C541F3}.Release|x64.ActiveCfg = Release|Any CPU
		{190FE594-FDCE-4707-B01C-EE7C39C541F3}.Release|x64.Build.0 = Release|Any CPU
		{190FE594-FDCE-4707-B01C-EE7C39C541F3}.Release|x86.ActiveCfg = Release|Any CPU
		{190FE594-FDCE-4707-B01C-EE7C39C541F3}.Release|x86.Build.0 = Release|Any CPU
		{EF926887-A6B2-461E-97CA-1C25B065E0C6}.Debug|Any CPU.ActiveCfg = Debug|Any CPU
		{EF926887-A6B2-461E-97CA-1C25B065E0C6}.Debug|Any CPU.Build.0 = Debug|Any CPU
		{EF926887-A6B2-461E-97CA-1C25B065E0C6}.Debug|ARM.ActiveCfg = Debug|ARM
		{EF926887-A6B2-461E-97CA-1C25B065E0C6}.Debug|ARM.Build.0 = Debug|ARM
		{EF926887-A6B2-461E-97CA-1C25B065E0C6}.Debug|ARM64.ActiveCfg = Debug|ARM64
		{EF926887-A6B2-461E-97CA-1C25B065E0C6}.Debug|ARM64.Build.0 = Debug|ARM64
		{EF926887-A6B2-461E-97CA-1C25B065E0C6}.Debug|x64.ActiveCfg = Debug|x64
		{EF926887-A6B2-461E-97CA-1C25B065E0C6}.Debug|x64.Build.0 = Debug|x64
		{EF926887-A6B2-461E-97CA-1C25B065E0C6}.Debug|x86.ActiveCfg = Debug|x86
		{EF926887-A6B2-461E-97CA-1C25B065E0C6}.Debug|x86.Build.0 = Debug|x86
		{EF926887-A6B2-461E-97CA-1C25B065E0C6}.Release|Any CPU.ActiveCfg = Release|Any CPU
		{EF926887-A6B2-461E-97CA-1C25B065E0C6}.Release|Any CPU.Build.0 = Release|Any CPU
		{EF926887-A6B2-461E-97CA-1C25B065E0C6}.Release|ARM.ActiveCfg = Release|ARM
		{EF926887-A6B2-461E-97CA-1C25B065E0C6}.Release|ARM.Build.0 = Release|ARM
		{EF926887-A6B2-461E-97CA-1C25B065E0C6}.Release|ARM64.ActiveCfg = Release|ARM64
		{EF926887-A6B2-461E-97CA-1C25B065E0C6}.Release|ARM64.Build.0 = Release|ARM64
		{EF926887-A6B2-461E-97CA-1C25B065E0C6}.Release|x64.ActiveCfg = Release|x64
		{EF926887-A6B2-461E-97CA-1C25B065E0C6}.Release|x64.Build.0 = Release|x64
		{EF926887-A6B2-461E-97CA-1C25B065E0C6}.Release|x86.ActiveCfg = Release|x86
		{EF926887-A6B2-461E-97CA-1C25B065E0C6}.Release|x86.Build.0 = Release|x86
		{8CC4241A-F7B8-42CE-AA56-1CE90A8A72F9}.Debug|Any CPU.ActiveCfg = Debug|Any CPU
		{8CC4241A-F7B8-42CE-AA56-1CE90A8A72F9}.Debug|Any CPU.Build.0 = Debug|Any CPU
		{8CC4241A-F7B8-42CE-AA56-1CE90A8A72F9}.Debug|ARM.ActiveCfg = Debug|Any CPU
		{8CC4241A-F7B8-42CE-AA56-1CE90A8A72F9}.Debug|ARM.Build.0 = Debug|Any CPU
		{8CC4241A-F7B8-42CE-AA56-1CE90A8A72F9}.Debug|ARM64.ActiveCfg = Debug|Any CPU
		{8CC4241A-F7B8-42CE-AA56-1CE90A8A72F9}.Debug|ARM64.Build.0 = Debug|Any CPU
		{8CC4241A-F7B8-42CE-AA56-1CE90A8A72F9}.Debug|x64.ActiveCfg = Debug|Any CPU
		{8CC4241A-F7B8-42CE-AA56-1CE90A8A72F9}.Debug|x64.Build.0 = Debug|Any CPU
		{8CC4241A-F7B8-42CE-AA56-1CE90A8A72F9}.Debug|x86.ActiveCfg = Debug|Any CPU
		{8CC4241A-F7B8-42CE-AA56-1CE90A8A72F9}.Debug|x86.Build.0 = Debug|Any CPU
		{8CC4241A-F7B8-42CE-AA56-1CE90A8A72F9}.Release|Any CPU.ActiveCfg = Release|Any CPU
		{8CC4241A-F7B8-42CE-AA56-1CE90A8A72F9}.Release|Any CPU.Build.0 = Release|Any CPU
		{8CC4241A-F7B8-42CE-AA56-1CE90A8A72F9}.Release|ARM.ActiveCfg = Release|Any CPU
		{8CC4241A-F7B8-42CE-AA56-1CE90A8A72F9}.Release|ARM.Build.0 = Release|Any CPU
		{8CC4241A-F7B8-42CE-AA56-1CE90A8A72F9}.Release|ARM64.ActiveCfg = Release|Any CPU
		{8CC4241A-F7B8-42CE-AA56-1CE90A8A72F9}.Release|ARM64.Build.0 = Release|Any CPU
		{8CC4241A-F7B8-42CE-AA56-1CE90A8A72F9}.Release|x64.ActiveCfg = Release|Any CPU
		{8CC4241A-F7B8-42CE-AA56-1CE90A8A72F9}.Release|x64.Build.0 = Release|Any CPU
		{8CC4241A-F7B8-42CE-AA56-1CE90A8A72F9}.Release|x86.ActiveCfg = Release|Any CPU
		{8CC4241A-F7B8-42CE-AA56-1CE90A8A72F9}.Release|x86.Build.0 = Release|Any CPU
	EndGlobalSection
	GlobalSection(SolutionProperties) = preSolution
		HideSolutionNode = FALSE
	EndGlobalSection
	GlobalSection(ExtensibilityGlobals) = postSolution
		SolutionGuid = {7ADF4EFD-2A8D-41C7-9D2B-FE37AB732816}
	EndGlobalSection
EndGlobal
